<?xml version="1.0" encoding="utf-8"?>
<Project ToolsVersion="4.0" xmlns="http://schemas.microsoft.com/developer/msbuild/2003">
  <ItemGroup>
    <Filter Include="Source Files">
      <UniqueIdentifier>{4FC737F1-C7A5-4376-A066-2A32D752A2FF}</UniqueIdentifier>
      <Extensions>cpp;c;cc;cxx;def;odl;idl;hpj;bat;asm;asmx</Extensions>
    </Filter>
    <Filter Include="Header Files">
      <UniqueIdentifier>{93995380-89BD-4b04-88EB-625FBE52EBFB}</UniqueIdentifier>
      <Extensions>h;hpp;hxx;hm;inl;inc;xsd</Extensions>
    </Filter>
    <Filter Include="Cards">
      <UniqueIdentifier>{56e12d75-d15a-478a-ac9b-c5c79e8a7423}</UniqueIdentifier>
    </Filter>
    <Filter Include="AttackPhase">
      <UniqueIdentifier>{0f465211-5dfb-4594-ac48-1d39735c400d}</UniqueIdentifier>
    </Filter>
  </ItemGroup>
  <ItemGroup>
    <ClInclude Include="Country.h">
      <Filter>Header Files</Filter>
    </ClInclude>
    <ClInclude Include="Map.h">
      <Filter>Header Files</Filter>
    </ClInclude>
    <ClInclude Include="Player.h">
      <Filter>Header Files</Filter>
    </ClInclude>
    <ClInclude Include="SaveAndLoad.h">
      <Filter>Header Files</Filter>
    </ClInclude>
    <ClInclude Include="StartupPhase.h">
      <Filter>Header Files</Filter>
    </ClInclude>
    <ClInclude Include="Cards\Cards.h">
      <Filter>Cards</Filter>
    </ClInclude>
    <ClInclude Include="AttackPhase\Dice.h">
      <Filter>AttackPhase</Filter>
    </ClInclude>
    <ClInclude Include="AttackPhase\Battle.h">
      <Filter>AttackPhase</Filter>
    </ClInclude>
  </ItemGroup>
  <ItemGroup>
    <ClCompile Include="Country.cpp">
      <Filter>Source Files</Filter>
    </ClCompile>
    <ClCompile Include="Map.cpp">
      <Filter>Source Files</Filter>
    </ClCompile>
    <ClCompile Include="Player.cpp">
      <Filter>Source Files</Filter>
    </ClCompile>
    <ClCompile Include="SaveAndLoad.cpp">
      <Filter>Source Files</Filter>
    </ClCompile>
    <ClCompile Include="StartupPhase.cpp">
      <Filter>Source Files</Filter>
    </ClCompile>
    <ClCompile Include="Cards\Cards.cpp">
      <Filter>Cards</Filter>
    </ClCompile>
    <ClCompile Include="Driver.cpp">
      <Filter>Source Files</Filter>
    </ClCompile>
    <ClCompile Include="AttackPhase\Dice.cpp">
      <Filter>AttackPhase</Filter>
    </ClCompile>
    <ClCompile Include="AttackPhase\Battle.cpp">
      <Filter>AttackPhase</Filter>
    </ClCompile>
  </ItemGroup>
</Project>